{
  "name": "ngrx-store-idb",
  "version": "1.1.4",
  "lockfileVersion": 2,
  "requires": true,
  "packages": {
    "": {
      "name": "ngrx-store-idb",
      "version": "1.1.4",
      "license": "MIT",
      "dependencies": {
        "deepmerge": "^4.3.1",
        "tslib": "^2.0.0"
      },
      "peerDependencies": {
        "@angular/common": "^15.2.3",
        "@angular/core": "^15.2.3",
        "@ngrx/effects": "^15.4.0",
        "@ngrx/store": "^15.4.0",
        "idb-keyval": "^6.2.0"
      }
    },
    "node_modules/@angular/common": {
      "version": "15.2.3",
      "resolved": "https://registry.npmjs.org/@angular/common/-/common-15.2.3.tgz",
      "integrity": "sha512-J68CSb57XadC2weHw7kmHjCdrHNgxPv8ZW6KlnmYvIRJrkKsZuCl+PvFe90VMDvHtlBnSnz8sjAPqoUxesMRNg==",
      "peer": true,
      "dependencies": {
        "tslib": "^2.3.0"
      },
      "engines": {
        "node": "^14.20.0 || ^16.13.0 || >=18.10.0"
      },
      "peerDependencies": {
        "@angular/core": "15.2.3",
        "rxjs": "^6.5.3 || ^7.4.0"
      }
    },
    "node_modules/@angular/core": {
      "version": "15.2.3",
      "resolved": "https://registry.npmjs.org/@angular/core/-/core-15.2.3.tgz",
      "integrity": "sha512-e+d6upOqAyqE7MxxRthd1ZJILSKX+hXHCmujc48id8G3zhP0tD59iZ03KgUe8RMvXMlSBUhwOwDX39tr701eig==",
      "peer": true,
      "dependencies": {
        "tslib": "^2.3.0"
      },
      "engines": {
        "node": "^14.20.0 || ^16.13.0 || >=18.10.0"
      },
      "peerDependencies": {
        "rxjs": "^6.5.3 || ^7.4.0",
        "zone.js": "~0.11.4 || ~0.12.0 || ~0.13.0"
      }
    },
    "node_modules/@ngrx/effects": {
      "version": "15.4.0",
      "resolved": "https://registry.npmjs.org/@ngrx/effects/-/effects-15.4.0.tgz",
      "integrity": "sha512-/8gHhOM9aeGaw8OG2LLwi4I4p84xzG0EU9TqWrvQcW74wn8sFZONjLvUte5YOzJ5502PPFFrfXSOc+lHnVAJUA==",
      "peer": true,
      "dependencies": {
        "tslib": "^2.0.0"
      },
      "peerDependencies": {
        "@angular/core": "^15.0.0",
        "@ngrx/store": "15.4.0",
        "rxjs": "^6.5.3 || ^7.5.0"
      }
    },
    "node_modules/@ngrx/store": {
      "version": "15.4.0",
      "resolved": "https://registry.npmjs.org/@ngrx/store/-/store-15.4.0.tgz",
      "integrity": "sha512-OvCuNBHL8mAUnRTS6QSFm+IunspsYNu2cCwDovBNn7EGhxRuGihBeNoX47jCqWPHBFtokj4BlatDfpJ/yCh4xQ==",
      "peer": true,
      "dependencies": {
        "tslib": "^2.0.0"
      },
      "peerDependencies": {
        "@angular/core": "^15.0.0",
        "rxjs": "^6.5.3 || ^7.5.0"
      }
    },
    "node_modules/deepmerge": {
      "version": "4.3.1",
      "resolved": "https://registry.npmjs.org/deepmerge/-/deepmerge-4.3.1.tgz",
      "integrity": "sha512-3sUqbMEc77XqpdNO7FRyRog+eW3ph+GYCbj+rK+uYyRMuwsVy0rMiVtPn+QJlKFvWP/1PYpapqYn0Me2knFn+A==",
      "engines": {
        "node": ">=0.10.0"
      }
    },
    "node_modules/idb-keyval": {
      "version": "6.2.0",
      "resolved": "https://registry.npmjs.org/idb-keyval/-/idb-keyval-6.2.0.tgz",
      "integrity": "sha512-uw+MIyQn2jl3+hroD7hF8J7PUviBU7BPKWw4f/ISf32D4LoGu98yHjrzWWJDASu9QNrX10tCJqk9YY0ClWm8Ng==",
      "peer": true,
      "dependencies": {
        "safari-14-idb-fix": "^3.0.0"
      }
    },
    "node_modules/rxjs": {
      "version": "7.5.5",
      "resolved": "https://registry.npmjs.org/rxjs/-/rxjs-7.5.5.tgz",
      "integrity": "sha512-sy+H0pQofO95VDmFLzyaw9xNJU4KTRSwQIGM6+iG3SypAtCiLDzpeG8sJrNCWn2Up9km+KhkvTdbkrdy+yzZdw==",
      "peer": true,
      "dependencies": {
        "tslib": "^2.1.0"
      }
    },
    "node_modules/safari-14-idb-fix": {
      "version": "3.0.0",
      "resolved": "https://registry.npmjs.org/safari-14-idb-fix/-/safari-14-idb-fix-3.0.0.tgz",
      "integrity": "sha512-eBNFLob4PMq8JA1dGyFn6G97q3/WzNtFK4RnzT1fnLq+9RyrGknzYiM/9B12MnKAxuj1IXr7UKYtTNtjyKMBog==",
      "peer": true
    },
    "node_modules/tslib": {
      "version": "2.4.0",
      "resolved": "https://registry.npmjs.org/tslib/-/tslib-2.4.0.tgz",
      "integrity": "sha512-d6xOpEDfsi2CZVlPQzGeux8XMwLT9hssAsaPYExaQMuYskwb+x1x7J371tWlbBdWHroy99KnVB6qIkUbs5X3UQ=="
    },
    "node_modules/zone.js": {
      "version": "0.11.5",
      "resolved": "https://registry.npmjs.org/zone.js/-/zone.js-0.11.5.tgz",
      "integrity": "sha512-D1/7VxEuQ7xk6z/kAROe4SUbd9CzxY4zOwVGnGHerd/SgLIVU5f4esDzQUsOCeArn933BZfWMKydH7l7dPEp0g==",
      "peer": true,
      "dependencies": {
        "tslib": "^2.3.0"
      }
    }
  },
  "dependencies": {
    "@angular/common": {
      "version": "15.2.3",
      "resolved": "https://registry.npmjs.org/@angular/common/-/common-15.2.3.tgz",
      "integrity": "sha512-J68CSb57XadC2weHw7kmHjCdrHNgxPv8ZW6KlnmYvIRJrkKsZuCl+PvFe90VMDvHtlBnSnz8sjAPqoUxesMRNg==",
      "peer": true,
      "requires": {
        "tslib": "^2.3.0"
      }
    },
    "@angular/core": {
      "version": "15.2.3",
      "resolved": "https://registry.npmjs.org/@angular/core/-/core-15.2.3.tgz",
      "integrity": "sha512-e+d6upOqAyqE7MxxRthd1ZJILSKX+hXHCmujc48id8G3zhP0tD59iZ03KgUe8RMvXMlSBUhwOwDX39tr701eig==",
      "peer": true,
      "requires": {
        "tslib": "^2.3.0"
      }
    },
    "@ngrx/effects": {
      "version": "15.4.0",
      "resolved": "https://registry.npmjs.org/@ngrx/effects/-/effects-15.4.0.tgz",
      "integrity": "sha512-/8gHhOM9aeGaw8OG2LLwi4I4p84xzG0EU9TqWrvQcW74wn8sFZONjLvUte5YOzJ5502PPFFrfXSOc+lHnVAJUA==",
      "peer": true,
      "requires": {
        "tslib": "^2.0.0"
      }
    },
    "@ngrx/store": {
      "version": "15.4.0",
      "resolved": "https://registry.npmjs.org/@ngrx/store/-/store-15.4.0.tgz",
      "integrity": "sha512-OvCuNBHL8mAUnRTS6QSFm+IunspsYNu2cCwDovBNn7EGhxRuGihBeNoX47jCqWPHBFtokj4BlatDfpJ/yCh4xQ==",
      "peer": true,
      "requires": {
        "tslib": "^2.0.0"
      }
    },
    "deepmerge": {
      "version": "4.3.1",
      "resolved": "https://registry.npmjs.org/deepmerge/-/deepmerge-4.3.1.tgz",
      "integrity": "sha512-3sUqbMEc77XqpdNO7FRyRog+eW3ph+GYCbj+rK+uYyRMuwsVy0rMiVtPn+QJlKFvWP/1PYpapqYn0Me2knFn+A=="
    },
    "idb-keyval": {
      "version": "6.2.0",
      "resolved": "https://registry.npmjs.org/idb-keyval/-/idb-keyval-6.2.0.tgz",
      "integrity": "sha512-uw+MIyQn2jl3+hroD7hF8J7PUviBU7BPKWw4f/ISf32D4LoGu98yHjrzWWJDASu9QNrX10tCJqk9YY0ClWm8Ng==",
      "peer": true,
      "requires": {
        "safari-14-idb-fix": "^3.0.0"
      }
    },
    "rxjs": {
      "version": "7.5.5",
      "resolved": "https://registry.npmjs.org/rxjs/-/rxjs-7.5.5.tgz",
      "integrity": "sha512-sy+H0pQofO95VDmFLzyaw9xNJU4KTRSwQIGM6+iG3SypAtCiLDzpeG8sJrNCWn2Up9km+KhkvTdbkrdy+yzZdw==",
      "peer": true,
      "requires": {
        "tslib": "^2.1.0"
      }
    },
    "safari-14-idb-fix": {
      "version": "3.0.0",
      "resolved": "https://registry.npmjs.org/safari-14-idb-fix/-/safari-14-idb-fix-3.0.0.tgz",
      "integrity": "sha512-eBNFLob4PMq8JA1dGyFn6G97q3/WzNtFK4RnzT1fnLq+9RyrGknzYiM/9B12MnKAxuj1IXr7UKYtTNtjyKMBog==",
      "peer": true
    },
    "tslib": {
      "version": "2.4.0",
      "resolved": "https://registry.npmjs.org/tslib/-/tslib-2.4.0.tgz",
      "integrity": "sha512-d6xOpEDfsi2CZVlPQzGeux8XMwLT9hssAsaPYExaQMuYskwb+x1x7J371tWlbBdWHroy99KnVB6qIkUbs5X3UQ=="
    },
    "zone.js": {
      "version": "0.11.5",
      "resolved": "https://registry.npmjs.org/zone.js/-/zone.js-0.11.5.tgz",
      "integrity": "sha512-D1/7VxEuQ7xk6z/kAROe4SUbd9CzxY4zOwVGnGHerd/SgLIVU5f4esDzQUsOCeArn933BZfWMKydH7l7dPEp0g==",
      "peer": true,
      "requires": {
        "tslib": "^2.3.0"
      }
    }
  }
}
