{
  "name": "ngrx-store-idb",
  "version": "0.0.1",
  "lockfileVersion": 1,
  "requires": true,
  "dependencies": {
    "@ngrx/effects": {
      "version": "10.0.1",
      "resolved": "https://registry.npmjs.org/@ngrx/effects/-/effects-10.0.1.tgz",
      "integrity": "sha512-pw0hRQNlyBBRHH1NRWl3TF+RtEAS4XOSnoTHPtQ84Ib/bEribvexsdEq3k6yLWvR3tLTudb5J6SYwYawcM6omA==",
      "requires": {
        "tslib": "^2.0.0"
      }
    },
    "tslib": {
      "version": "2.0.3",
      "resolved": "https://registry.npmjs.org/tslib/-/tslib-2.0.3.tgz",
      "integrity": "sha512-uZtkfKblCEQtZKBF6EBXVZeQNl82yqtDQdv+eck8u7tdPxjLu2/lp5/uPW+um2tpuxINHWy3GhiccY7QgEaVHQ=="
    }
  }
}
